speakeasyVersion: 1.419.2
sources:
    merge-code-samples-into-spec:
        sourceNamespace: merge-code-samples-into-spec
        sourceRevisionDigest: sha256:557b8cc5937645115b6fcb4befeee629d1f0886486d9b68e45a4c47248afa6bc
        sourceBlobDigest: sha256:605a5f179dba317ec204a96c4b5f90f499eb087725dca50d6a7821e32e27d59e
        tags:
            - latest
            - main
targets: {}
workflow:
    workflowVersion: 1.0.0
    speakeasyVersion: latest
    sources:
        merge-code-samples-into-spec:
            inputs:
                - location: registry.speakeasyapi.dev/dub/dub/my-first-source
            overlays:
                - location: registry.speakeasyapi.dev/dub/dub/code-samples-typescript-my-first-target:main
                - location: registry.speakeasyapi.dev/dub/dub/code-samples-go-my-first-target:main
                - location: registry.speakeasyapi.dev/dub/dub/code-samples-ruby-my-first-target:main
                - location: registry.speakeasyapi.dev/dub/dub/code-samples-php-my-first-target:main
                - location: registry.speakeasyapi.dev/dub/dub/code-samples-python-my-first-target:main
                - fallbackCodeSamplesLanguage: java
            output: ./openapi-with-code-samples.yaml
            registry:
                location: registry.speakeasyapi.dev/dub/dub/merge-code-samples-into-spec
    targets: {}
